
Microsoft Visual Studio Solution File, Format Version 12.00
Project("{FAE04EC0-301F-11D3-BF4B-00C04F79EFBC}") = "TurnBasedBattle.Model.EventBus", "TurnBasedBattle.Model.EventBus\TurnBasedBattle.Model.EventBus.csproj", "{D8B0D0C6-904E-4C35-90F0-FDB74C0910F6}"
EndProject
Project("{FAE04EC0-301F-11D3-BF4B-00C04F79EFBC}") = "TurnBasedBattle.Model.Core", "TurnBasedBattle.Model.Core\TurnBasedBattle.Model.Core.csproj", "{D26D02FD-3943-4B63-9D78-6E93C110E69A}"
EndProject
Project("{FAE04EC0-301F-11D3-BF4B-00C04F79EFBC}") = "TurnBasedBattle.Model.Commands", "TurnBasedBattle.Model.Commands\TurnBasedBattle.Model.Commands.csproj", "{24AC8721-0EBC-4A98-82F9-CF9216BE087D}"
EndProject
Global
	GlobalSection(SolutionConfigurationPlatforms) = preSolution
		Debug|Any CPU = Debug|Any CPU
		Release|Any CPU = Release|Any CPU
	EndGlobalSection
	GlobalSection(ProjectConfigurationPlatforms) = postSolution
		{D8B0D0C6-904E-4C35-90F0-FDB74C0910F6}.Debug|Any CPU.ActiveCfg = Debug|Any CPU
		{D8B0D0C6-904E-4C35-90F0-FDB74C0910F6}.Debug|Any CPU.Build.0 = Debug|Any CPU
		{D8B0D0C6-904E-4C35-90F0-FDB74C0910F6}.Release|Any CPU.ActiveCfg = Release|Any CPU
		{D8B0D0C6-904E-4C35-90F0-FDB74C0910F6}.Release|Any CPU.Build.0 = Release|Any CPU
		{D26D02FD-3943-4B63-9D78-6E93C110E69A}.Debug|Any CPU.ActiveCfg = Debug|Any CPU
		{D26D02FD-3943-4B63-9D78-6E93C110E69A}.Debug|Any CPU.Build.0 = Debug|Any CPU
		{D26D02FD-3943-4B63-9D78-6E93C110E69A}.Release|Any CPU.ActiveCfg = Release|Any CPU
		{D26D02FD-3943-4B63-9D78-6E93C110E69A}.Release|Any CPU.Build.0 = Release|Any CPU
		{24AC8721-0EBC-4A98-82F9-CF9216BE087D}.Debug|Any CPU.ActiveCfg = Debug|Any CPU
		{24AC8721-0EBC-4A98-82F9-CF9216BE087D}.Debug|Any CPU.Build.0 = Debug|Any CPU
		{24AC8721-0EBC-4A98-82F9-CF9216BE087D}.Release|Any CPU.ActiveCfg = Release|Any CPU
		{24AC8721-0EBC-4A98-82F9-CF9216BE087D}.Release|Any CPU.Build.0 = Release|Any CPU
	EndGlobalSection
EndGlobal
